# THIS IS AN AUTOGENERATED FILE. DO NOT EDIT THIS FILE DIRECTLY.
# yarn lockfile v1


paper@^0.12.3:
  version "0.12.3"
  resolved "https://registry.yarnpkg.com/paper/-/paper-0.12.3.tgz#7274a31c17b8998ab0d98207fcf25a8f25f4c18d"
  integrity sha512-MBlJ0xKFkU/K0eTk2VoAlNbqbfp7MJMVw7gF6v0pveXrBXrJ+1842YLTm07jjjbVJaQZnLvtecDf6Mbazc3jig==
